
Microsoft Visual Studio Solution File, Format Version 12.00
# Visual Studio Version 16
VisualStudioVersion = 16.0.28803.352
MinimumVisualStudioVersion = 10.0.40219.1
Project("{FAE04EC0-301F-11D3-BF4B-00C04F79EFBC}") = "OOP Homework", "OOP Homework\OOP Homework.csproj", "{65DEFE9B-3807-4CD7-8CA1-7F59D6E359CC}"
EndProject
Global
	GlobalSection(SolutionConfigurationPlatforms) = preSolution
		Debug|Any CPU = Debug|Any CPU
		Release|Any CPU = Release|Any CPU
	EndGlobalSection
	GlobalSection(ProjectConfigurationPlatforms) = postSolution
		{65DEFE9B-3807-4CD7-8CA1-7F59D6E359CC}.Debug|Any CPU.ActiveCfg = Debug|Any CPU
		{65DEFE9B-3807-4CD7-8CA1-7F59D6E359CC}.Debug|Any CPU.Build.0 = Debug|Any CPU
		{65DEFE9B-3807-4CD7-8CA1-7F59D6E359CC}.Release|Any CPU.ActiveCfg = Release|Any CPU
		{65DEFE9B-3807-4CD7-8CA1-7F59D6E359CC}.Release|Any CPU.Build.0 = Release|Any CPU
	EndGlobalSection
	GlobalSection(SolutionProperties) = preSolution
		HideSolutionNode = FALSE
	EndGlobalSection
	GlobalSection(ExtensibilityGlobals) = postSolution
		SolutionGuid = {274713F7-1A6D-45C0-9F70-9C6BED20FC91}
	EndGlobalSection
EndGlobal
